
Microsoft Visual Studio Solution File, Format Version 11.00
# Visual Studio 2010
Project("{FAE04EC0-301F-11D3-BF4B-00C04F79EFBC}") = "uWorkshop", "Assembly-CSharp.csproj", "{D09EBDD5-1230-9E7C-BDD0-9BD7C4DBAF3C}"
EndProject
Global
	GlobalSection(SolutionConfigurationPlatforms) = preSolution
		Debug|Any CPU = Debug|Any CPU
		Release|Any CPU = Release|Any CPU
	EndGlobalSection
	GlobalSection(ProjectConfigurationPlatforms) = postSolution
		{D09EBDD5-1230-9E7C-BDD0-9BD7C4DBAF3C}.Debug|Any CPU.ActiveCfg = Debug|Any CPU
		{D09EBDD5-1230-9E7C-BDD0-9BD7C4DBAF3C}.Debug|Any CPU.Build.0 = Debug|Any CPU
		{D09EBDD5-1230-9E7C-BDD0-9BD7C4DBAF3C}.Release|Any CPU.ActiveCfg = Release|Any CPU
		{D09EBDD5-1230-9E7C-BDD0-9BD7C4DBAF3C}.Release|Any CPU.Build.0 = Release|Any CPU
	EndGlobalSection
	GlobalSection(SolutionProperties) = preSolution
		HideSolutionNode = FALSE
	EndGlobalSection
	GlobalSection(MonoDevelopProperties) = preSolution
		StartupItem = Assembly-CSharp.csproj
	EndGlobalSection
EndGlobal
